<?xml version="1.0" encoding="utf-8"?>
<Project ToolsVersion="4.0" xmlns="http://schemas.microsoft.com/developer/msbuild/2003">
  <ItemGroup>
    <ClCompile Include="GraphicsTweaker.cpp" />
  </ItemGroup>
  <ItemGroup>
    <Filter Include="IniReader">
      <UniqueIdentifier>{d62defd6-6de1-4ed2-8f7f-e3ed99e57688}</UniqueIdentifier>
    </Filter>
  </ItemGroup>
  <ItemGroup>
    <ClInclude Include="IniReader\ini_parser.hpp">
      <Filter>IniReader</Filter>
    </ClInclude>
    <ClInclude Include="IniReader\IniReader.h">
      <Filter>IniReader</Filter>
    </ClInclude>
    <ClInclude Include="TestCheat.h" />
  </ItemGroup>
</Project>